
Microsoft Visual Studio Solution File, Format Version 12.00
# Visual Studio Version 17
VisualStudioVersion = 17.13.35806.99 d17.13
MinimumVisualStudioVersion = 10.0.40219.1
Project("{FAE04EC0-301F-11D3-BF4B-00C04F79EFBC}") = "PovezaneTabele2", "PovezaneTabele2\PovezaneTabele2.csproj", "{A12DDD9A-1C39-49DB-B500-A6B304E64781}"
EndProject
Global
	GlobalSection(SolutionConfigurationPlatforms) = preSolution
		Debug|Any CPU = Debug|Any CPU
		Release|Any CPU = Release|Any CPU
	EndGlobalSection
	GlobalSection(ProjectConfigurationPlatforms) = postSolution
		{A12DDD9A-1C39-49DB-B500-A6B304E64781}.Debug|Any CPU.ActiveCfg = Debug|Any CPU
		{A12DDD9A-1C39-49DB-B500-A6B304E64781}.Debug|Any CPU.Build.0 = Debug|Any CPU
		{A12DDD9A-1C39-49DB-B500-A6B304E64781}.Release|Any CPU.ActiveCfg = Release|Any CPU
		{A12DDD9A-1C39-49DB-B500-A6B304E64781}.Release|Any CPU.Build.0 = Release|Any CPU
	EndGlobalSection
	GlobalSection(SolutionProperties) = preSolution
		HideSolutionNode = FALSE
	EndGlobalSection
	GlobalSection(ExtensibilityGlobals) = postSolution
		SolutionGuid = {9C0B4545-0253-4E06-8D0D-B6D913BC6EFE}
	EndGlobalSection
EndGlobal
